<?xml version="1.0" encoding="utf-8"?>
<Project ToolsVersion="4.0" xmlns="http://schemas.microsoft.com/developer/msbuild/2003">
  <ItemGroup>
    <Filter Include="Source Files">
      <UniqueIdentifier>{4FC737F1-C7A5-4376-A066-2A32D752A2FF}</UniqueIdentifier>
      <Extensions>cpp;c;cc;cxx;c++;cppm;ixx;def;odl;idl;hpj;bat;asm;asmx</Extensions>
    </Filter>
    <Filter Include="Header Files">
      <UniqueIdentifier>{93995380-89BD-4b04-88EB-625FBE52EBFB}</UniqueIdentifier>
      <Extensions>h;hh;hpp;hxx;h++;hm;inl;inc;ipp;xsd</Extensions>
    </Filter>
    <Filter Include="Resource Files">
      <UniqueIdentifier>{67DA6AB6-F800-4c08-8B7A-83BB121AAD01}</UniqueIdentifier>
      <Extensions>rc;ico;cur;bmp;dlg;rc2;rct;bin;rgs;gif;jpg;jpeg;jpe;resx;tiff;tif;png;wav;mfcribbon-ms</Extensions>
    </Filter>
  </ItemGroup>
  <ItemGroup>
    <ClCompile Include="mainfunc\mainfunc.cpp">
      <Filter>Source Files</Filter>
    </ClCompile>
    <ClCompile Include="main.cpp">
      <Filter>Source Files</Filter>
    </ClCompile>
    <ClCompile Include="colorText\TextEditor.cpp">
      <Filter>Source Files</Filter>
    </ClCompile>
    <ClCompile Include="mainfunc\nfd_common.c">
      <Filter>Source Files</Filter>
    </ClCompile>
    <ClCompile Include="mainfunc\nfd_win.cpp">
      <Filter>Source Files</Filter>
    </ClCompile>
    <ClCompile Include="mainfunc\f_MainMenu.cpp">
      <Filter>Source Files</Filter>
    </ClCompile>
    <ClCompile Include="mainfunc\FileTree\FileTree.cpp">
      <Filter>Source Files</Filter>
    </ClCompile>
    <ClCompile Include="mainfunc\searchParser\Parser.cpp">
      <Filter>Source Files</Filter>
    </ClCompile>
    <ClCompile Include="mainfunc\Config.cpp">
      <Filter>Source Files</Filter>
    </ClCompile>
    <ClCompile Include="mainfunc\antlr-runtime\atn\ActionTransition.cpp">
      <Filter>Source Files</Filter>
    </ClCompile>
    <ClCompile Include="mainfunc\antlr-runtime\atn\AmbiguityInfo.cpp">
      <Filter>Source Files</Filter>
    </ClCompile>
    <ClCompile Include="mainfunc\antlr-runtime\atn\ArrayPredictionContext.cpp">
      <Filter>Source Files</Filter>
    </ClCompile>
    <ClCompile Include="mainfunc\antlr-runtime\atn\ATN.cpp">
      <Filter>Source Files</Filter>
    </ClCompile>
    <ClCompile Include="mainfunc\antlr-runtime\atn\ATNConfig.cpp">
      <Filter>Source Files</Filter>
    </ClCompile>
    <ClCompile Include="mainfunc\antlr-runtime\atn\ATNConfigSet.cpp">
      <Filter>Source Files</Filter>
    </ClCompile>
    <ClCompile Include="mainfunc\antlr-runtime\atn\ATNDeserializationOptions.cpp">
      <Filter>Source Files</Filter>
    </ClCompile>
    <ClCompile Include="mainfunc\antlr-runtime\atn\ATNDeserializer.cpp">
      <Filter>Source Files</Filter>
    </ClCompile>
    <ClCompile Include="mainfunc\antlr-runtime\atn\ATNSimulator.cpp">
      <Filter>Source Files</Filter>
    </ClCompile>
    <ClCompile Include="mainfunc\antlr-runtime\atn\ATNState.cpp">
      <Filter>Source Files</Filter>
    </ClCompile>
    <ClCompile Include="mainfunc\antlr-runtime\atn\ATNStateType.cpp">
      <Filter>Source Files</Filter>
    </ClCompile>
    <ClCompile Include="mainfunc\antlr-runtime\atn\AtomTransition.cpp">
      <Filter>Source Files</Filter>
    </ClCompile>
    <ClCompile Include="mainfunc\antlr-runtime\atn\ContextSensitivityInfo.cpp">
      <Filter>Source Files</Filter>
    </ClCompile>
    <ClCompile Include="mainfunc\antlr-runtime\atn\DecisionEventInfo.cpp">
      <Filter>Source Files</Filter>
    </ClCompile>
    <ClCompile Include="mainfunc\antlr-runtime\atn\DecisionInfo.cpp">
      <Filter>Source Files</Filter>
    </ClCompile>
    <ClCompile Include="mainfunc\antlr-runtime\atn\DecisionState.cpp">
      <Filter>Source Files</Filter>
    </ClCompile>
    <ClCompile Include="mainfunc\antlr-runtime\atn\EpsilonTransition.cpp">
      <Filter>Source Files</Filter>
    </ClCompile>
    <ClCompile Include="mainfunc\antlr-runtime\atn\ErrorInfo.cpp">
      <Filter>Source Files</Filter>
    </ClCompile>
    <ClCompile Include="mainfunc\antlr-runtime\atn\LexerAction.cpp">
      <Filter>Source Files</Filter>
    </ClCompile>
    <ClCompile Include="mainfunc\antlr-runtime\atn\LexerActionExecutor.cpp">
      <Filter>Source Files</Filter>
    </ClCompile>
    <ClCompile Include="mainfunc\antlr-runtime\atn\LexerATNConfig.cpp">
      <Filter>Source Files</Filter>
    </ClCompile>
    <ClCompile Include="mainfunc\antlr-runtime\atn\LexerATNSimulator.cpp">
      <Filter>Source Files</Filter>
    </ClCompile>
    <ClCompile Include="mainfunc\antlr-runtime\atn\LexerChannelAction.cpp">
      <Filter>Source Files</Filter>
    </ClCompile>
    <ClCompile Include="mainfunc\antlr-runtime\atn\LexerCustomAction.cpp">
      <Filter>Source Files</Filter>
    </ClCompile>
    <ClCompile Include="mainfunc\antlr-runtime\atn\LexerIndexedCustomAction.cpp">
      <Filter>Source Files</Filter>
    </ClCompile>
    <ClCompile Include="mainfunc\antlr-runtime\atn\LexerModeAction.cpp">
      <Filter>Source Files</Filter>
    </ClCompile>
    <ClCompile Include="mainfunc\antlr-runtime\atn\LexerMoreAction.cpp">
      <Filter>Source Files</Filter>
    </ClCompile>
    <ClCompile Include="mainfunc\antlr-runtime\atn\LexerPopModeAction.cpp">
      <Filter>Source Files</Filter>
    </ClCompile>
    <ClCompile Include="mainfunc\antlr-runtime\atn\LexerPushModeAction.cpp">
      <Filter>Source Files</Filter>
    </ClCompile>
    <ClCompile Include="mainfunc\antlr-runtime\atn\LexerSkipAction.cpp">
      <Filter>Source Files</Filter>
    </ClCompile>
    <ClCompile Include="mainfunc\antlr-runtime\atn\LexerTypeAction.cpp">
      <Filter>Source Files</Filter>
    </ClCompile>
    <ClCompile Include="mainfunc\antlr-runtime\atn\LL1Analyzer.cpp">
      <Filter>Source Files</Filter>
    </ClCompile>
    <ClCompile Include="mainfunc\antlr-runtime\atn\LookaheadEventInfo.cpp">
      <Filter>Source Files</Filter>
    </ClCompile>
    <ClCompile Include="mainfunc\antlr-runtime\atn\NotSetTransition.cpp">
      <Filter>Source Files</Filter>
    </ClCompile>
    <ClCompile Include="mainfunc\antlr-runtime\atn\OrderedATNConfigSet.cpp">
      <Filter>Source Files</Filter>
    </ClCompile>
    <ClCompile Include="mainfunc\antlr-runtime\atn\ParseInfo.cpp">
      <Filter>Source Files</Filter>
    </ClCompile>
    <ClCompile Include="mainfunc\antlr-runtime\atn\ParserATNSimulator.cpp">
      <Filter>Source Files</Filter>
    </ClCompile>
    <ClCompile Include="mainfunc\antlr-runtime\atn\PrecedencePredicateTransition.cpp">
      <Filter>Source Files</Filter>
    </ClCompile>
    <ClCompile Include="mainfunc\antlr-runtime\atn\PredicateEvalInfo.cpp">
      <Filter>Source Files</Filter>
    </ClCompile>
    <ClCompile Include="mainfunc\antlr-runtime\atn\PredicateTransition.cpp">
      <Filter>Source Files</Filter>
    </ClCompile>
    <ClCompile Include="mainfunc\antlr-runtime\atn\PredictionContext.cpp">
      <Filter>Source Files</Filter>
    </ClCompile>
    <ClCompile Include="mainfunc\antlr-runtime\atn\PredictionContextCache.cpp">
      <Filter>Source Files</Filter>
    </ClCompile>
    <ClCompile Include="mainfunc\antlr-runtime\atn\PredictionContextMergeCache.cpp">
      <Filter>Source Files</Filter>
    </ClCompile>
    <ClCompile Include="mainfunc\antlr-runtime\atn\PredictionMode.cpp">
      <Filter>Source Files</Filter>
    </ClCompile>
    <ClCompile Include="mainfunc\antlr-runtime\atn\ProfilingATNSimulator.cpp">
      <Filter>Source Files</Filter>
    </ClCompile>
    <ClCompile Include="mainfunc\antlr-runtime\atn\RangeTransition.cpp">
      <Filter>Source Files</Filter>
    </ClCompile>
    <ClCompile Include="mainfunc\antlr-runtime\atn\RuleTransition.cpp">
      <Filter>Source Files</Filter>
    </ClCompile>
    <ClCompile Include="mainfunc\antlr-runtime\atn\SemanticContext.cpp">
      <Filter>Source Files</Filter>
    </ClCompile>
    <ClCompile Include="mainfunc\antlr-runtime\atn\SetTransition.cpp">
      <Filter>Source Files</Filter>
    </ClCompile>
    <ClCompile Include="mainfunc\antlr-runtime\atn\SingletonPredictionContext.cpp">
      <Filter>Source Files</Filter>
    </ClCompile>
    <ClCompile Include="mainfunc\antlr-runtime\atn\StarLoopbackState.cpp">
      <Filter>Source Files</Filter>
    </ClCompile>
    <ClCompile Include="mainfunc\antlr-runtime\atn\Transition.cpp">
      <Filter>Source Files</Filter>
    </ClCompile>
    <ClCompile Include="mainfunc\antlr-runtime\atn\TransitionType.cpp">
      <Filter>Source Files</Filter>
    </ClCompile>
    <ClCompile Include="mainfunc\antlr-runtime\atn\WildcardTransition.cpp">
      <Filter>Source Files</Filter>
    </ClCompile>
    <ClCompile Include="mainfunc\antlr-runtime\dfa\DFA.cpp">
      <Filter>Source Files</Filter>
    </ClCompile>
    <ClCompile Include="mainfunc\antlr-runtime\dfa\DFASerializer.cpp">
      <Filter>Source Files</Filter>
    </ClCompile>
    <ClCompile Include="mainfunc\antlr-runtime\dfa\DFAState.cpp">
      <Filter>Source Files</Filter>
    </ClCompile>
    <ClCompile Include="mainfunc\antlr-runtime\dfa\LexerDFASerializer.cpp">
      <Filter>Source Files</Filter>
    </ClCompile>
    <ClCompile Include="mainfunc\antlr-runtime\internal\Synchronization.cpp">
      <Filter>Source Files</Filter>
    </ClCompile>
    <ClCompile Include="mainfunc\antlr-runtime\misc\InterpreterDataReader.cpp">
      <Filter>Source Files</Filter>
    </ClCompile>
    <ClCompile Include="mainfunc\antlr-runtime\misc\Interval.cpp">
      <Filter>Source Files</Filter>
    </ClCompile>
    <ClCompile Include="mainfunc\antlr-runtime\misc\IntervalSet.cpp">
      <Filter>Source Files</Filter>
    </ClCompile>
    <ClCompile Include="mainfunc\antlr-runtime\misc\MurmurHash.cpp">
      <Filter>Source Files</Filter>
    </ClCompile>
    <ClCompile Include="mainfunc\antlr-runtime\misc\Predicate.cpp">
      <Filter>Source Files</Filter>
    </ClCompile>
    <ClCompile Include="mainfunc\antlr-runtime\support\Any.cpp">
      <Filter>Source Files</Filter>
    </ClCompile>
    <ClCompile Include="mainfunc\antlr-runtime\support\Arrays.cpp">
      <Filter>Source Files</Filter>
    </ClCompile>
    <ClCompile Include="mainfunc\antlr-runtime\support\CPPUtils.cpp">
      <Filter>Source Files</Filter>
    </ClCompile>
    <ClCompile Include="mainfunc\antlr-runtime\support\StringUtils.cpp">
      <Filter>Source Files</Filter>
    </ClCompile>
    <ClCompile Include="mainfunc\antlr-runtime\support\Utf8.cpp">
      <Filter>Source Files</Filter>
    </ClCompile>
    <ClCompile Include="mainfunc\antlr-runtime\tree\pattern\Chunk.cpp">
      <Filter>Source Files</Filter>
    </ClCompile>
    <ClCompile Include="mainfunc\antlr-runtime\tree\pattern\ParseTreeMatch.cpp">
      <Filter>Source Files</Filter>
    </ClCompile>
    <ClCompile Include="mainfunc\antlr-runtime\tree\pattern\ParseTreePattern.cpp">
      <Filter>Source Files</Filter>
    </ClCompile>
    <ClCompile Include="mainfunc\antlr-runtime\tree\pattern\ParseTreePatternMatcher.cpp">
      <Filter>Source Files</Filter>
    </ClCompile>
    <ClCompile Include="mainfunc\antlr-runtime\tree\pattern\RuleTagToken.cpp">
      <Filter>Source Files</Filter>
    </ClCompile>
    <ClCompile Include="mainfunc\antlr-runtime\tree\pattern\TagChunk.cpp">
      <Filter>Source Files</Filter>
    </ClCompile>
    <ClCompile Include="mainfunc\antlr-runtime\tree\pattern\TextChunk.cpp">
      <Filter>Source Files</Filter>
    </ClCompile>
    <ClCompile Include="mainfunc\antlr-runtime\tree\pattern\TokenTagToken.cpp">
      <Filter>Source Files</Filter>
    </ClCompile>
    <ClCompile Include="mainfunc\antlr-runtime\tree\xpath\XPath.cpp">
      <Filter>Source Files</Filter>
    </ClCompile>
    <ClCompile Include="mainfunc\antlr-runtime\tree\xpath\XPathElement.cpp">
      <Filter>Source Files</Filter>
    </ClCompile>
    <ClCompile Include="mainfunc\antlr-runtime\tree\xpath\XPathLexer.cpp">
      <Filter>Source Files</Filter>
    </ClCompile>
    <ClCompile Include="mainfunc\antlr-runtime\tree\xpath\XPathLexerErrorListener.cpp">
      <Filter>Source Files</Filter>
    </ClCompile>
    <ClCompile Include="mainfunc\antlr-runtime\tree\xpath\XPathRuleAnywhereElement.cpp">
      <Filter>Source Files</Filter>
    </ClCompile>
    <ClCompile Include="mainfunc\antlr-runtime\tree\xpath\XPathRuleElement.cpp">
      <Filter>Source Files</Filter>
    </ClCompile>
    <ClCompile Include="mainfunc\antlr-runtime\tree\xpath\XPathTokenAnywhereElement.cpp">
      <Filter>Source Files</Filter>
    </ClCompile>
    <ClCompile Include="mainfunc\antlr-runtime\tree\xpath\XPathTokenElement.cpp">
      <Filter>Source Files</Filter>
    </ClCompile>
    <ClCompile Include="mainfunc\antlr-runtime\tree\xpath\XPathWildcardAnywhereElement.cpp">
      <Filter>Source Files</Filter>
    </ClCompile>
    <ClCompile Include="mainfunc\antlr-runtime\tree\xpath\XPathWildcardElement.cpp">
      <Filter>Source Files</Filter>
    </ClCompile>
    <ClCompile Include="mainfunc\antlr-runtime\tree\ErrorNodeImpl.cpp">
      <Filter>Source Files</Filter>
    </ClCompile>
    <ClCompile Include="mainfunc\antlr-runtime\tree\IterativeParseTreeWalker.cpp">
      <Filter>Source Files</Filter>
    </ClCompile>
    <ClCompile Include="mainfunc\antlr-runtime\tree\ParseTree.cpp">
      <Filter>Source Files</Filter>
    </ClCompile>
    <ClCompile Include="mainfunc\antlr-runtime\tree\ParseTreeListener.cpp">
      <Filter>Source Files</Filter>
    </ClCompile>
    <ClCompile Include="mainfunc\antlr-runtime\tree\ParseTreeVisitor.cpp">
      <Filter>Source Files</Filter>
    </ClCompile>
    <ClCompile Include="mainfunc\antlr-runtime\tree\ParseTreeWalker.cpp">
      <Filter>Source Files</Filter>
    </ClCompile>
    <ClCompile Include="mainfunc\antlr-runtime\tree\TerminalNodeImpl.cpp">
      <Filter>Source Files</Filter>
    </ClCompile>
    <ClCompile Include="mainfunc\antlr-runtime\tree\Trees.cpp">
      <Filter>Source Files</Filter>
    </ClCompile>
    <ClCompile Include="mainfunc\antlr-runtime\ANTLRErrorListener.cpp">
      <Filter>Source Files</Filter>
    </ClCompile>
    <ClCompile Include="mainfunc\antlr-runtime\ANTLRErrorStrategy.cpp">
      <Filter>Source Files</Filter>
    </ClCompile>
    <ClCompile Include="mainfunc\antlr-runtime\ANTLRFileStream.cpp">
      <Filter>Source Files</Filter>
    </ClCompile>
    <ClCompile Include="mainfunc\antlr-runtime\ANTLRInputStream.cpp">
      <Filter>Source Files</Filter>
    </ClCompile>
    <ClCompile Include="mainfunc\antlr-runtime\BailErrorStrategy.cpp">
      <Filter>Source Files</Filter>
    </ClCompile>
    <ClCompile Include="mainfunc\antlr-runtime\BaseErrorListener.cpp">
      <Filter>Source Files</Filter>
    </ClCompile>
    <ClCompile Include="mainfunc\antlr-runtime\BufferedTokenStream.cpp">
      <Filter>Source Files</Filter>
    </ClCompile>
    <ClCompile Include="mainfunc\antlr-runtime\CharStream.cpp">
      <Filter>Source Files</Filter>
    </ClCompile>
    <ClCompile Include="mainfunc\antlr-runtime\CommonToken.cpp">
      <Filter>Source Files</Filter>
    </ClCompile>
    <ClCompile Include="mainfunc\antlr-runtime\CommonTokenFactory.cpp">
      <Filter>Source Files</Filter>
    </ClCompile>
    <ClCompile Include="mainfunc\antlr-runtime\CommonTokenStream.cpp">
      <Filter>Source Files</Filter>
    </ClCompile>
    <ClCompile Include="mainfunc\antlr-runtime\ConsoleErrorListener.cpp">
      <Filter>Source Files</Filter>
    </ClCompile>
    <ClCompile Include="mainfunc\antlr-runtime\DefaultErrorStrategy.cpp">
      <Filter>Source Files</Filter>
    </ClCompile>
    <ClCompile Include="mainfunc\antlr-runtime\DiagnosticErrorListener.cpp">
      <Filter>Source Files</Filter>
    </ClCompile>
    <ClCompile Include="mainfunc\antlr-runtime\Exceptions.cpp">
      <Filter>Source Files</Filter>
    </ClCompile>
    <ClCompile Include="mainfunc\antlr-runtime\FailedPredicateException.cpp">
      <Filter>Source Files</Filter>
    </ClCompile>
    <ClCompile Include="mainfunc\antlr-runtime\InputMismatchException.cpp">
      <Filter>Source Files</Filter>
    </ClCompile>
    <ClCompile Include="mainfunc\antlr-runtime\InterpreterRuleContext.cpp">
      <Filter>Source Files</Filter>
    </ClCompile>
    <ClCompile Include="mainfunc\antlr-runtime\IntStream.cpp">
      <Filter>Source Files</Filter>
    </ClCompile>
    <ClCompile Include="mainfunc\antlr-runtime\Lexer.cpp">
      <Filter>Source Files</Filter>
    </ClCompile>
    <ClCompile Include="mainfunc\antlr-runtime\LexerInterpreter.cpp">
      <Filter>Source Files</Filter>
    </ClCompile>
    <ClCompile Include="mainfunc\antlr-runtime\LexerNoViableAltException.cpp">
      <Filter>Source Files</Filter>
    </ClCompile>
    <ClCompile Include="mainfunc\antlr-runtime\ListTokenSource.cpp">
      <Filter>Source Files</Filter>
    </ClCompile>
    <ClCompile Include="mainfunc\antlr-runtime\NoViableAltException.cpp">
      <Filter>Source Files</Filter>
    </ClCompile>
    <ClCompile Include="mainfunc\antlr-runtime\Parser.cpp">
      <Filter>Source Files</Filter>
    </ClCompile>
    <ClCompile Include="mainfunc\antlr-runtime\ParserInterpreter.cpp">
      <Filter>Source Files</Filter>
    </ClCompile>
    <ClCompile Include="mainfunc\antlr-runtime\ParserRuleContext.cpp">
      <Filter>Source Files</Filter>
    </ClCompile>
    <ClCompile Include="mainfunc\antlr-runtime\ProxyErrorListener.cpp">
      <Filter>Source Files</Filter>
    </ClCompile>
    <ClCompile Include="mainfunc\antlr-runtime\RecognitionException.cpp">
      <Filter>Source Files</Filter>
    </ClCompile>
    <ClCompile Include="mainfunc\antlr-runtime\Recognizer.cpp">
      <Filter>Source Files</Filter>
    </ClCompile>
    <ClCompile Include="mainfunc\antlr-runtime\RuleContext.cpp">
      <Filter>Source Files</Filter>
    </ClCompile>
    <ClCompile Include="mainfunc\antlr-runtime\RuleContextWithAltNum.cpp">
      <Filter>Source Files</Filter>
    </ClCompile>
    <ClCompile Include="mainfunc\antlr-runtime\RuntimeMetaData.cpp">
      <Filter>Source Files</Filter>
    </ClCompile>
    <ClCompile Include="mainfunc\antlr-runtime\Token.cpp">
      <Filter>Source Files</Filter>
    </ClCompile>
    <ClCompile Include="mainfunc\antlr-runtime\TokenSource.cpp">
      <Filter>Source Files</Filter>
    </ClCompile>
    <ClCompile Include="mainfunc\antlr-runtime\TokenStream.cpp">
      <Filter>Source Files</Filter>
    </ClCompile>
    <ClCompile Include="mainfunc\antlr-runtime\TokenStreamRewriter.cpp">
      <Filter>Source Files</Filter>
    </ClCompile>
    <ClCompile Include="mainfunc\antlr-runtime\UnbufferedCharStream.cpp">
      <Filter>Source Files</Filter>
    </ClCompile>
    <ClCompile Include="mainfunc\antlr-runtime\UnbufferedTokenStream.cpp">
      <Filter>Source Files</Filter>
    </ClCompile>
    <ClCompile Include="mainfunc\antlr-runtime\Vocabulary.cpp">
      <Filter>Source Files</Filter>
    </ClCompile>
    <ClCompile Include="mainfunc\antlr-runtime\WritableToken.cpp">
      <Filter>Source Files</Filter>
    </ClCompile>
    <ClCompile Include="mainfunc\F90Files\Fortran90Lexer.cpp">
      <Filter>Source Files</Filter>
    </ClCompile>
    <ClCompile Include="mainfunc\F90Files\Fortran90Parser.cpp">
      <Filter>Source Files</Filter>
    </ClCompile>
    <ClCompile Include="mainfunc\F90Files\Fortran90ParserBaseListener.cpp">
      <Filter>Source Files</Filter>
    </ClCompile>
    <ClCompile Include="mainfunc\F90Files\Fortran90ParserBaseVisitor.cpp">
      <Filter>Source Files</Filter>
    </ClCompile>
    <ClCompile Include="mainfunc\F90Files\Fortran90ParserListener.cpp">
      <Filter>Source Files</Filter>
    </ClCompile>
    <ClCompile Include="mainfunc\F90Files\Fortran90ParserVisitor.cpp">
      <Filter>Source Files</Filter>
    </ClCompile>
  </ItemGroup>
  <ItemGroup>
    <ClInclude Include="mainfunc\mainfunc.h">
      <Filter>Header Files</Filter>
    </ClInclude>
    <ClInclude Include="mainfunc\nfd.h">
      <Filter>Header Files</Filter>
    </ClInclude>
    <ClInclude Include="mainfunc\common.h">
      <Filter>Header Files</Filter>
    </ClInclude>
    <ClInclude Include="mainfunc\ftg_core.h">
      <Filter>Header Files</Filter>
    </ClInclude>
    <ClInclude Include="mainfunc\nfd_common.h">
      <Filter>Header Files</Filter>
    </ClInclude>
    <ClInclude Include="mainfunc\f_MainMenu.h">
      <Filter>Header Files</Filter>
    </ClInclude>
    <ClInclude Include="mainfunc\FileTree\FileTree.h">
      <Filter>Header Files</Filter>
    </ClInclude>
    <ClInclude Include="cmdPrompt\imgui_console.h">
      <Filter>Header Files</Filter>
    </ClInclude>
    <ClInclude Include="mainfunc\searchParser\Parser.h">
      <Filter>Header Files</Filter>
    </ClInclude>
    <ClInclude Include="colorText\TextEditor.h">
      <Filter>Header Files</Filter>
    </ClInclude>
    <ClInclude Include="mainfunc\Config.h">
      <Filter>Header Files</Filter>
    </ClInclude>
    <ClInclude Include="mainfunc\antlr-runtime\atn\ActionTransition.h">
      <Filter>Header Files</Filter>
    </ClInclude>
    <ClInclude Include="mainfunc\antlr-runtime\atn\AmbiguityInfo.h">
      <Filter>Header Files</Filter>
    </ClInclude>
    <ClInclude Include="mainfunc\antlr-runtime\atn\ArrayPredictionContext.h">
      <Filter>Header Files</Filter>
    </ClInclude>
    <ClInclude Include="mainfunc\antlr-runtime\atn\ATN.h">
      <Filter>Header Files</Filter>
    </ClInclude>
    <ClInclude Include="mainfunc\antlr-runtime\atn\ATNConfig.h">
      <Filter>Header Files</Filter>
    </ClInclude>
    <ClInclude Include="mainfunc\antlr-runtime\atn\ATNConfigSet.h">
      <Filter>Header Files</Filter>
    </ClInclude>
    <ClInclude Include="mainfunc\antlr-runtime\atn\ATNDeserializationOptions.h">
      <Filter>Header Files</Filter>
    </ClInclude>
    <ClInclude Include="mainfunc\antlr-runtime\atn\ATNDeserializer.h">
      <Filter>Header Files</Filter>
    </ClInclude>
    <ClInclude Include="mainfunc\antlr-runtime\atn\ATNSimulator.h">
      <Filter>Header Files</Filter>
    </ClInclude>
    <ClInclude Include="mainfunc\antlr-runtime\atn\ATNState.h">
      <Filter>Header Files</Filter>
    </ClInclude>
    <ClInclude Include="mainfunc\antlr-runtime\atn\ATNStateType.h">
      <Filter>Header Files</Filter>
    </ClInclude>
    <ClInclude Include="mainfunc\antlr-runtime\atn\ATNType.h">
      <Filter>Header Files</Filter>
    </ClInclude>
    <ClInclude Include="mainfunc\antlr-runtime\atn\AtomTransition.h">
      <Filter>Header Files</Filter>
    </ClInclude>
    <ClInclude Include="mainfunc\antlr-runtime\atn\BasicBlockStartState.h">
      <Filter>Header Files</Filter>
    </ClInclude>
    <ClInclude Include="mainfunc\antlr-runtime\atn\BasicState.h">
      <Filter>Header Files</Filter>
    </ClInclude>
    <ClInclude Include="mainfunc\antlr-runtime\atn\BlockEndState.h">
      <Filter>Header Files</Filter>
    </ClInclude>
    <ClInclude Include="mainfunc\antlr-runtime\atn\BlockStartState.h">
      <Filter>Header Files</Filter>
    </ClInclude>
    <ClInclude Include="mainfunc\antlr-runtime\atn\ContextSensitivityInfo.h">
      <Filter>Header Files</Filter>
    </ClInclude>
    <ClInclude Include="mainfunc\antlr-runtime\atn\DecisionEventInfo.h">
      <Filter>Header Files</Filter>
    </ClInclude>
    <ClInclude Include="mainfunc\antlr-runtime\atn\DecisionInfo.h">
      <Filter>Header Files</Filter>
    </ClInclude>
    <ClInclude Include="mainfunc\antlr-runtime\atn\DecisionState.h">
      <Filter>Header Files</Filter>
    </ClInclude>
    <ClInclude Include="mainfunc\antlr-runtime\atn\EpsilonTransition.h">
      <Filter>Header Files</Filter>
    </ClInclude>
    <ClInclude Include="mainfunc\antlr-runtime\atn\ErrorInfo.h">
      <Filter>Header Files</Filter>
    </ClInclude>
    <ClInclude Include="mainfunc\antlr-runtime\atn\HashUtils.h">
      <Filter>Header Files</Filter>
    </ClInclude>
    <ClInclude Include="mainfunc\antlr-runtime\atn\LexerAction.h">
      <Filter>Header Files</Filter>
    </ClInclude>
    <ClInclude Include="mainfunc\antlr-runtime\atn\LexerActionExecutor.h">
      <Filter>Header Files</Filter>
    </ClInclude>
    <ClInclude Include="mainfunc\antlr-runtime\atn\LexerActionType.h">
      <Filter>Header Files</Filter>
    </ClInclude>
    <ClInclude Include="mainfunc\antlr-runtime\atn\LexerATNConfig.h">
      <Filter>Header Files</Filter>
    </ClInclude>
    <ClInclude Include="mainfunc\antlr-runtime\atn\LexerATNSimulator.h">
      <Filter>Header Files</Filter>
    </ClInclude>
    <ClInclude Include="mainfunc\antlr-runtime\atn\LexerChannelAction.h">
      <Filter>Header Files</Filter>
    </ClInclude>
    <ClInclude Include="mainfunc\antlr-runtime\atn\LexerCustomAction.h">
      <Filter>Header Files</Filter>
    </ClInclude>
    <ClInclude Include="mainfunc\antlr-runtime\atn\LexerIndexedCustomAction.h">
      <Filter>Header Files</Filter>
    </ClInclude>
    <ClInclude Include="mainfunc\antlr-runtime\atn\LexerModeAction.h">
      <Filter>Header Files</Filter>
    </ClInclude>
    <ClInclude Include="mainfunc\antlr-runtime\atn\LexerMoreAction.h">
      <Filter>Header Files</Filter>
    </ClInclude>
    <ClInclude Include="mainfunc\antlr-runtime\atn\LexerPopModeAction.h">
      <Filter>Header Files</Filter>
    </ClInclude>
    <ClInclude Include="mainfunc\antlr-runtime\atn\LexerPushModeAction.h">
      <Filter>Header Files</Filter>
    </ClInclude>
    <ClInclude Include="mainfunc\antlr-runtime\atn\LexerSkipAction.h">
      <Filter>Header Files</Filter>
    </ClInclude>
    <ClInclude Include="mainfunc\antlr-runtime\atn\LexerTypeAction.h">
      <Filter>Header Files</Filter>
    </ClInclude>
    <ClInclude Include="mainfunc\antlr-runtime\atn\LL1Analyzer.h">
      <Filter>Header Files</Filter>
    </ClInclude>
    <ClInclude Include="mainfunc\antlr-runtime\atn\LookaheadEventInfo.h">
      <Filter>Header Files</Filter>
    </ClInclude>
    <ClInclude Include="mainfunc\antlr-runtime\atn\LoopEndState.h">
      <Filter>Header Files</Filter>
    </ClInclude>
    <ClInclude Include="mainfunc\antlr-runtime\atn\NotSetTransition.h">
      <Filter>Header Files</Filter>
    </ClInclude>
    <ClInclude Include="mainfunc\antlr-runtime\atn\OrderedATNConfigSet.h">
      <Filter>Header Files</Filter>
    </ClInclude>
    <ClInclude Include="mainfunc\antlr-runtime\atn\ParseInfo.h">
      <Filter>Header Files</Filter>
    </ClInclude>
    <ClInclude Include="mainfunc\antlr-runtime\atn\ParserATNSimulator.h">
      <Filter>Header Files</Filter>
    </ClInclude>
    <ClInclude Include="mainfunc\antlr-runtime\atn\ParserATNSimulatorOptions.h">
      <Filter>Header Files</Filter>
    </ClInclude>
    <ClInclude Include="mainfunc\antlr-runtime\atn\PlusBlockStartState.h">
      <Filter>Header Files</Filter>
    </ClInclude>
    <ClInclude Include="mainfunc\antlr-runtime\atn\PlusLoopbackState.h">
      <Filter>Header Files</Filter>
    </ClInclude>
    <ClInclude Include="mainfunc\antlr-runtime\atn\PrecedencePredicateTransition.h">
      <Filter>Header Files</Filter>
    </ClInclude>
    <ClInclude Include="mainfunc\antlr-runtime\atn\PredicateEvalInfo.h">
      <Filter>Header Files</Filter>
    </ClInclude>
    <ClInclude Include="mainfunc\antlr-runtime\atn\PredicateTransition.h">
      <Filter>Header Files</Filter>
    </ClInclude>
    <ClInclude Include="mainfunc\antlr-runtime\atn\PredictionContext.h">
      <Filter>Header Files</Filter>
    </ClInclude>
    <ClInclude Include="mainfunc\antlr-runtime\atn\PredictionContextCache.h">
      <Filter>Header Files</Filter>
    </ClInclude>
    <ClInclude Include="mainfunc\antlr-runtime\atn\PredictionContextMergeCache.h">
      <Filter>Header Files</Filter>
    </ClInclude>
    <ClInclude Include="mainfunc\antlr-runtime\atn\PredictionContextMergeCacheOptions.h">
      <Filter>Header Files</Filter>
    </ClInclude>
    <ClInclude Include="mainfunc\antlr-runtime\atn\PredictionContextType.h">
      <Filter>Header Files</Filter>
    </ClInclude>
    <ClInclude Include="mainfunc\antlr-runtime\atn\PredictionMode.h">
      <Filter>Header Files</Filter>
    </ClInclude>
    <ClInclude Include="mainfunc\antlr-runtime\atn\ProfilingATNSimulator.h">
      <Filter>Header Files</Filter>
    </ClInclude>
    <ClInclude Include="mainfunc\antlr-runtime\atn\RangeTransition.h">
      <Filter>Header Files</Filter>
    </ClInclude>
    <ClInclude Include="mainfunc\antlr-runtime\atn\RuleStartState.h">
      <Filter>Header Files</Filter>
    </ClInclude>
    <ClInclude Include="mainfunc\antlr-runtime\atn\RuleStopState.h">
      <Filter>Header Files</Filter>
    </ClInclude>
    <ClInclude Include="mainfunc\antlr-runtime\atn\RuleTransition.h">
      <Filter>Header Files</Filter>
    </ClInclude>
    <ClInclude Include="mainfunc\antlr-runtime\atn\SemanticContext.h">
      <Filter>Header Files</Filter>
    </ClInclude>
    <ClInclude Include="mainfunc\antlr-runtime\atn\SemanticContextType.h">
      <Filter>Header Files</Filter>
    </ClInclude>
    <ClInclude Include="mainfunc\antlr-runtime\atn\SerializedATNView.h">
      <Filter>Header Files</Filter>
    </ClInclude>
    <ClInclude Include="mainfunc\antlr-runtime\atn\SetTransition.h">
      <Filter>Header Files</Filter>
    </ClInclude>
    <ClInclude Include="mainfunc\antlr-runtime\atn\SingletonPredictionContext.h">
      <Filter>Header Files</Filter>
    </ClInclude>
    <ClInclude Include="mainfunc\antlr-runtime\atn\StarBlockStartState.h">
      <Filter>Header Files</Filter>
    </ClInclude>
    <ClInclude Include="mainfunc\antlr-runtime\atn\StarLoopbackState.h">
      <Filter>Header Files</Filter>
    </ClInclude>
    <ClInclude Include="mainfunc\antlr-runtime\atn\StarLoopEntryState.h">
      <Filter>Header Files</Filter>
    </ClInclude>
    <ClInclude Include="mainfunc\antlr-runtime\atn\TokensStartState.h">
      <Filter>Header Files</Filter>
    </ClInclude>
    <ClInclude Include="mainfunc\antlr-runtime\atn\Transition.h">
      <Filter>Header Files</Filter>
    </ClInclude>
    <ClInclude Include="mainfunc\antlr-runtime\atn\TransitionType.h">
      <Filter>Header Files</Filter>
    </ClInclude>
    <ClInclude Include="mainfunc\antlr-runtime\atn\WildcardTransition.h">
      <Filter>Header Files</Filter>
    </ClInclude>
    <ClInclude Include="mainfunc\antlr-runtime\dfa\DFA.h">
      <Filter>Header Files</Filter>
    </ClInclude>
    <ClInclude Include="mainfunc\antlr-runtime\dfa\DFASerializer.h">
      <Filter>Header Files</Filter>
    </ClInclude>
    <ClInclude Include="mainfunc\antlr-runtime\dfa\DFAState.h">
      <Filter>Header Files</Filter>
    </ClInclude>
    <ClInclude Include="mainfunc\antlr-runtime\dfa\LexerDFASerializer.h">
      <Filter>Header Files</Filter>
    </ClInclude>
    <ClInclude Include="mainfunc\antlr-runtime\internal\Synchronization.h">
      <Filter>Header Files</Filter>
    </ClInclude>
    <ClInclude Include="mainfunc\antlr-runtime\misc\InterpreterDataReader.h">
      <Filter>Header Files</Filter>
    </ClInclude>
    <ClInclude Include="mainfunc\antlr-runtime\misc\Interval.h">
      <Filter>Header Files</Filter>
    </ClInclude>
    <ClInclude Include="mainfunc\antlr-runtime\misc\IntervalSet.h">
      <Filter>Header Files</Filter>
    </ClInclude>
    <ClInclude Include="mainfunc\antlr-runtime\misc\MurmurHash.h">
      <Filter>Header Files</Filter>
    </ClInclude>
    <ClInclude Include="mainfunc\antlr-runtime\misc\Predicate.h">
      <Filter>Header Files</Filter>
    </ClInclude>
    <ClInclude Include="mainfunc\antlr-runtime\support\Any.h">
      <Filter>Header Files</Filter>
    </ClInclude>
    <ClInclude Include="mainfunc\antlr-runtime\support\Arrays.h">
      <Filter>Header Files</Filter>
    </ClInclude>
    <ClInclude Include="mainfunc\antlr-runtime\support\BitSet.h">
      <Filter>Header Files</Filter>
    </ClInclude>
    <ClInclude Include="mainfunc\antlr-runtime\support\Casts.h">
      <Filter>Header Files</Filter>
    </ClInclude>
    <ClInclude Include="mainfunc\antlr-runtime\support\CPPUtils.h">
      <Filter>Header Files</Filter>
    </ClInclude>
    <ClInclude Include="mainfunc\antlr-runtime\support\Declarations.h">
      <Filter>Header Files</Filter>
    </ClInclude>
    <ClInclude Include="mainfunc\antlr-runtime\support\StringUtils.h">
      <Filter>Header Files</Filter>
    </ClInclude>
    <ClInclude Include="mainfunc\antlr-runtime\support\Unicode.h">
      <Filter>Header Files</Filter>
    </ClInclude>
    <ClInclude Include="mainfunc\antlr-runtime\support\Utf8.h">
      <Filter>Header Files</Filter>
    </ClInclude>
    <ClInclude Include="mainfunc\antlr-runtime\tree\pattern\Chunk.h">
      <Filter>Header Files</Filter>
    </ClInclude>
    <ClInclude Include="mainfunc\antlr-runtime\tree\pattern\ParseTreeMatch.h">
      <Filter>Header Files</Filter>
    </ClInclude>
    <ClInclude Include="mainfunc\antlr-runtime\tree\pattern\ParseTreePattern.h">
      <Filter>Header Files</Filter>
    </ClInclude>
    <ClInclude Include="mainfunc\antlr-runtime\tree\pattern\ParseTreePatternMatcher.h">
      <Filter>Header Files</Filter>
    </ClInclude>
    <ClInclude Include="mainfunc\antlr-runtime\tree\pattern\RuleTagToken.h">
      <Filter>Header Files</Filter>
    </ClInclude>
    <ClInclude Include="mainfunc\antlr-runtime\tree\pattern\TagChunk.h">
      <Filter>Header Files</Filter>
    </ClInclude>
    <ClInclude Include="mainfunc\antlr-runtime\tree\pattern\TextChunk.h">
      <Filter>Header Files</Filter>
    </ClInclude>
    <ClInclude Include="mainfunc\antlr-runtime\tree\pattern\TokenTagToken.h">
      <Filter>Header Files</Filter>
    </ClInclude>
    <ClInclude Include="mainfunc\antlr-runtime\tree\xpath\XPath.h">
      <Filter>Header Files</Filter>
    </ClInclude>
    <ClInclude Include="mainfunc\antlr-runtime\tree\xpath\XPathElement.h">
      <Filter>Header Files</Filter>
    </ClInclude>
    <ClInclude Include="mainfunc\antlr-runtime\tree\xpath\XPathLexer.h">
      <Filter>Header Files</Filter>
    </ClInclude>
    <ClInclude Include="mainfunc\antlr-runtime\tree\xpath\XPathLexerErrorListener.h">
      <Filter>Header Files</Filter>
    </ClInclude>
    <ClInclude Include="mainfunc\antlr-runtime\tree\xpath\XPathRuleAnywhereElement.h">
      <Filter>Header Files</Filter>
    </ClInclude>
    <ClInclude Include="mainfunc\antlr-runtime\tree\xpath\XPathRuleElement.h">
      <Filter>Header Files</Filter>
    </ClInclude>
    <ClInclude Include="mainfunc\antlr-runtime\tree\xpath\XPathTokenAnywhereElement.h">
      <Filter>Header Files</Filter>
    </ClInclude>
    <ClInclude Include="mainfunc\antlr-runtime\tree\xpath\XPathTokenElement.h">
      <Filter>Header Files</Filter>
    </ClInclude>
    <ClInclude Include="mainfunc\antlr-runtime\tree\xpath\XPathWildcardAnywhereElement.h">
      <Filter>Header Files</Filter>
    </ClInclude>
    <ClInclude Include="mainfunc\antlr-runtime\tree\xpath\XPathWildcardElement.h">
      <Filter>Header Files</Filter>
    </ClInclude>
    <ClInclude Include="mainfunc\antlr-runtime\tree\AbstractParseTreeVisitor.h">
      <Filter>Header Files</Filter>
    </ClInclude>
    <ClInclude Include="mainfunc\antlr-runtime\tree\ErrorNode.h">
      <Filter>Header Files</Filter>
    </ClInclude>
    <ClInclude Include="mainfunc\antlr-runtime\tree\ErrorNodeImpl.h">
      <Filter>Header Files</Filter>
    </ClInclude>
    <ClInclude Include="mainfunc\antlr-runtime\tree\IterativeParseTreeWalker.h">
      <Filter>Header Files</Filter>
    </ClInclude>
    <ClInclude Include="mainfunc\antlr-runtime\tree\ParseTree.h">
      <Filter>Header Files</Filter>
    </ClInclude>
    <ClInclude Include="mainfunc\antlr-runtime\tree\ParseTreeListener.h">
      <Filter>Header Files</Filter>
    </ClInclude>
    <ClInclude Include="mainfunc\antlr-runtime\tree\ParseTreeProperty.h">
      <Filter>Header Files</Filter>
    </ClInclude>
    <ClInclude Include="mainfunc\antlr-runtime\tree\ParseTreeType.h">
      <Filter>Header Files</Filter>
    </ClInclude>
    <ClInclude Include="mainfunc\antlr-runtime\tree\ParseTreeVisitor.h">
      <Filter>Header Files</Filter>
    </ClInclude>
    <ClInclude Include="mainfunc\antlr-runtime\tree\ParseTreeWalker.h">
      <Filter>Header Files</Filter>
    </ClInclude>
    <ClInclude Include="mainfunc\antlr-runtime\tree\TerminalNode.h">
      <Filter>Header Files</Filter>
    </ClInclude>
    <ClInclude Include="mainfunc\antlr-runtime\tree\TerminalNodeImpl.h">
      <Filter>Header Files</Filter>
    </ClInclude>
    <ClInclude Include="mainfunc\antlr-runtime\tree\Trees.h">
      <Filter>Header Files</Filter>
    </ClInclude>
    <ClInclude Include="mainfunc\antlr-runtime\antlr4-common.h">
      <Filter>Header Files</Filter>
    </ClInclude>
    <ClInclude Include="mainfunc\antlr-runtime\antlr4-runtime.h">
      <Filter>Header Files</Filter>
    </ClInclude>
    <ClInclude Include="mainfunc\antlr-runtime\ANTLRErrorListener.h">
      <Filter>Header Files</Filter>
    </ClInclude>
    <ClInclude Include="mainfunc\antlr-runtime\ANTLRErrorStrategy.h">
      <Filter>Header Files</Filter>
    </ClInclude>
    <ClInclude Include="mainfunc\antlr-runtime\ANTLRFileStream.h">
      <Filter>Header Files</Filter>
    </ClInclude>
    <ClInclude Include="mainfunc\antlr-runtime\ANTLRInputStream.h">
      <Filter>Header Files</Filter>
    </ClInclude>
    <ClInclude Include="mainfunc\antlr-runtime\BailErrorStrategy.h">
      <Filter>Header Files</Filter>
    </ClInclude>
    <ClInclude Include="mainfunc\antlr-runtime\BaseErrorListener.h">
      <Filter>Header Files</Filter>
    </ClInclude>
    <ClInclude Include="mainfunc\antlr-runtime\BufferedTokenStream.h">
      <Filter>Header Files</Filter>
    </ClInclude>
    <ClInclude Include="mainfunc\antlr-runtime\CharStream.h">
      <Filter>Header Files</Filter>
    </ClInclude>
    <ClInclude Include="mainfunc\antlr-runtime\CommonToken.h">
      <Filter>Header Files</Filter>
    </ClInclude>
    <ClInclude Include="mainfunc\antlr-runtime\CommonTokenFactory.h">
      <Filter>Header Files</Filter>
    </ClInclude>
    <ClInclude Include="mainfunc\antlr-runtime\CommonTokenStream.h">
      <Filter>Header Files</Filter>
    </ClInclude>
    <ClInclude Include="mainfunc\antlr-runtime\ConsoleErrorListener.h">
      <Filter>Header Files</Filter>
    </ClInclude>
    <ClInclude Include="mainfunc\antlr-runtime\DefaultErrorStrategy.h">
      <Filter>Header Files</Filter>
    </ClInclude>
    <ClInclude Include="mainfunc\antlr-runtime\DiagnosticErrorListener.h">
      <Filter>Header Files</Filter>
    </ClInclude>
    <ClInclude Include="mainfunc\antlr-runtime\Exceptions.h">
      <Filter>Header Files</Filter>
    </ClInclude>
    <ClInclude Include="mainfunc\antlr-runtime\FailedPredicateException.h">
      <Filter>Header Files</Filter>
    </ClInclude>
    <ClInclude Include="mainfunc\antlr-runtime\FlatHashMap.h">
      <Filter>Header Files</Filter>
    </ClInclude>
    <ClInclude Include="mainfunc\antlr-runtime\FlatHashSet.h">
      <Filter>Header Files</Filter>
    </ClInclude>
    <ClInclude Include="mainfunc\antlr-runtime\InputMismatchException.h">
      <Filter>Header Files</Filter>
    </ClInclude>
    <ClInclude Include="mainfunc\antlr-runtime\InterpreterRuleContext.h">
      <Filter>Header Files</Filter>
    </ClInclude>
    <ClInclude Include="mainfunc\antlr-runtime\IntStream.h">
      <Filter>Header Files</Filter>
    </ClInclude>
    <ClInclude Include="mainfunc\antlr-runtime\Lexer.h">
      <Filter>Header Files</Filter>
    </ClInclude>
    <ClInclude Include="mainfunc\antlr-runtime\LexerInterpreter.h">
      <Filter>Header Files</Filter>
    </ClInclude>
    <ClInclude Include="mainfunc\antlr-runtime\LexerNoViableAltException.h">
      <Filter>Header Files</Filter>
    </ClInclude>
    <ClInclude Include="mainfunc\antlr-runtime\ListTokenSource.h">
      <Filter>Header Files</Filter>
    </ClInclude>
    <ClInclude Include="mainfunc\antlr-runtime\NoViableAltException.h">
      <Filter>Header Files</Filter>
    </ClInclude>
    <ClInclude Include="mainfunc\antlr-runtime\Parser.h">
      <Filter>Header Files</Filter>
    </ClInclude>
    <ClInclude Include="mainfunc\antlr-runtime\ParserInterpreter.h">
      <Filter>Header Files</Filter>
    </ClInclude>
    <ClInclude Include="mainfunc\antlr-runtime\ParserRuleContext.h">
      <Filter>Header Files</Filter>
    </ClInclude>
    <ClInclude Include="mainfunc\antlr-runtime\ProxyErrorListener.h">
      <Filter>Header Files</Filter>
    </ClInclude>
    <ClInclude Include="mainfunc\antlr-runtime\RecognitionException.h">
      <Filter>Header Files</Filter>
    </ClInclude>
    <ClInclude Include="mainfunc\antlr-runtime\Recognizer.h">
      <Filter>Header Files</Filter>
    </ClInclude>
    <ClInclude Include="mainfunc\antlr-runtime\RuleContext.h">
      <Filter>Header Files</Filter>
    </ClInclude>
    <ClInclude Include="mainfunc\antlr-runtime\RuleContextWithAltNum.h">
      <Filter>Header Files</Filter>
    </ClInclude>
    <ClInclude Include="mainfunc\antlr-runtime\RuntimeMetaData.h">
      <Filter>Header Files</Filter>
    </ClInclude>
    <ClInclude Include="mainfunc\antlr-runtime\Token.h">
      <Filter>Header Files</Filter>
    </ClInclude>
    <ClInclude Include="mainfunc\antlr-runtime\TokenFactory.h">
      <Filter>Header Files</Filter>
    </ClInclude>
    <ClInclude Include="mainfunc\antlr-runtime\TokenSource.h">
      <Filter>Header Files</Filter>
    </ClInclude>
    <ClInclude Include="mainfunc\antlr-runtime\TokenStream.h">
      <Filter>Header Files</Filter>
    </ClInclude>
    <ClInclude Include="mainfunc\antlr-runtime\TokenStreamRewriter.h">
      <Filter>Header Files</Filter>
    </ClInclude>
    <ClInclude Include="mainfunc\antlr-runtime\UnbufferedCharStream.h">
      <Filter>Header Files</Filter>
    </ClInclude>
    <ClInclude Include="mainfunc\antlr-runtime\UnbufferedTokenStream.h">
      <Filter>Header Files</Filter>
    </ClInclude>
    <ClInclude Include="mainfunc\antlr-runtime\Version.h">
      <Filter>Header Files</Filter>
    </ClInclude>
    <ClInclude Include="mainfunc\antlr-runtime\Vocabulary.h">
      <Filter>Header Files</Filter>
    </ClInclude>
    <ClInclude Include="mainfunc\antlr-runtime\WritableToken.h">
      <Filter>Header Files</Filter>
    </ClInclude>
    <ClInclude Include="mainfunc\F90Files\Fortran90Lexer.h">
      <Filter>Header Files</Filter>
    </ClInclude>
    <ClInclude Include="mainfunc\F90Files\Fortran90Parser.h">
      <Filter>Header Files</Filter>
    </ClInclude>
    <ClInclude Include="mainfunc\F90Files\Fortran90ParserBaseListener.h">
      <Filter>Header Files</Filter>
    </ClInclude>
    <ClInclude Include="mainfunc\F90Files\Fortran90ParserBaseVisitor.h">
      <Filter>Header Files</Filter>
    </ClInclude>
    <ClInclude Include="mainfunc\F90Files\Fortran90ParserListener.h">
      <Filter>Header Files</Filter>
    </ClInclude>
    <ClInclude Include="mainfunc\F90Files\Fortran90ParserVisitor.h">
      <Filter>Header Files</Filter>
    </ClInclude>
  </ItemGroup>
  <ItemGroup>
    <None Include="jsons\fortran_database.json" />
  </ItemGroup>
</Project>